// !$*UTF8*$!
{
	archiveVersion = 1;
	classes = {
	};
	objectVersion = 46;
	objects = {

/* Begin PBXBuildFile section */
		6B19EE8B67BE879BEF44995D /* Pods_BunbunuCustom.framework in Frameworks */ = {isa = PBXBuildFile; fileRef = 0D473FF0F076104EC1546CAE /* Pods_BunbunuCustom.framework */; };
		C90013631CF3076B009B0C91 /* ToggleButton.swift in Sources */ = {isa = PBXBuildFile; fileRef = C90013621CF3076B009B0C91 /* ToggleButton.swift */; };
		C90013651CF30778009B0C91 /* ToggleButtonView.swift in Sources */ = {isa = PBXBuildFile; fileRef = C90013641CF30778009B0C91 /* ToggleButtonView.swift */; };
		C90013671CF30787009B0C91 /* ToggleButtonView.xib in Resources */ = {isa = PBXBuildFile; fileRef = C90013661CF30787009B0C91 /* ToggleButtonView.xib */; };
		C92CE64F1D2E49410047F689 /* CircleImageView.swift in Sources */ = {isa = PBXBuildFile; fileRef = C92CE64E1D2E49410047F689 /* CircleImageView.swift */; };
		C92CE6511D2E4ADF0047F689 /* ImageViewGroupViewController.swift in Sources */ = {isa = PBXBuildFile; fileRef = C92CE6501D2E4ADF0047F689 /* ImageViewGroupViewController.swift */; };
		C92CE6531D2E4B3D0047F689 /* CircleImageView.xib in Resources */ = {isa = PBXBuildFile; fileRef = C92CE6521D2E4B3D0047F689 /* CircleImageView.xib */; };
		C92CE6551D2E50690047F689 /* CircleProgressImageView.swift in Sources */ = {isa = PBXBuildFile; fileRef = C92CE6541D2E50690047F689 /* CircleProgressImageView.swift */; };
		C92CE6571D2E50760047F689 /* CircleProgressImageView.xib in Resources */ = {isa = PBXBuildFile; fileRef = C92CE6561D2E50760047F689 /* CircleProgressImageView.xib */; };
		C92CE6591D2E535B0047F689 /* CirclePregressDemoView.swift in Sources */ = {isa = PBXBuildFile; fileRef = C92CE6581D2E535B0047F689 /* CirclePregressDemoView.swift */; };
		C9BE47711CF29E2B002B7653 /* StyleButton.swift in Sources */ = {isa = PBXBuildFile; fileRef = C9BE47701CF29E2B002B7653 /* StyleButton.swift */; };
		C9BE47731CF29E77002B7653 /* ButtonGroupViewController.swift in Sources */ = {isa = PBXBuildFile; fileRef = C9BE47721CF29E77002B7653 /* ButtonGroupViewController.swift */; };
		C9BE477B1CF2A16A002B7653 /* BunbunuCustomTests.swift in Sources */ = {isa = PBXBuildFile; fileRef = C9BE477A1CF2A16A002B7653 /* BunbunuCustomTests.swift */; };
		C9BE47861CF2B13E002B7653 /* StyleButtonView.xib in Resources */ = {isa = PBXBuildFile; fileRef = C9BE47851CF2B13E002B7653 /* StyleButtonView.xib */; };
		C9BE47881CF2CE28002B7653 /* UIColorExtension.swift in Sources */ = {isa = PBXBuildFile; fileRef = C9BE47871CF2CE28002B7653 /* UIColorExtension.swift */; };
		C9BE478A1CF2D9F2002B7653 /* StringExtension.swift in Sources */ = {isa = PBXBuildFile; fileRef = C9BE47891CF2D9F2002B7653 /* StringExtension.swift */; };
		C9FACF731CF1FE0A00B24FEB /* AppDelegate.swift in Sources */ = {isa = PBXBuildFile; fileRef = C9FACF721CF1FE0A00B24FEB /* AppDelegate.swift */; };
		C9FACF751CF1FE0A00B24FEB /* ViewController.swift in Sources */ = {isa = PBXBuildFile; fileRef = C9FACF741CF1FE0A00B24FEB /* ViewController.swift */; };
		C9FACF781CF1FE0A00B24FEB /* Main.storyboard in Resources */ = {isa = PBXBuildFile; fileRef = C9FACF761CF1FE0A00B24FEB /* Main.storyboard */; };
		C9FACF7A1CF1FE0A00B24FEB /* Assets.xcassets in Resources */ = {isa = PBXBuildFile; fileRef = C9FACF791CF1FE0A00B24FEB /* Assets.xcassets */; };
		C9FACF7D1CF1FE0A00B24FEB /* LaunchScreen.storyboard in Resources */ = {isa = PBXBuildFile; fileRef = C9FACF7B1CF1FE0A00B24FEB /* LaunchScreen.storyboard */; };
/* End PBXBuildFile section */

/* Begin PBXContainerItemProxy section */
		C9BE477D1CF2A16A002B7653 /* PBXContainerItemProxy */ = {
			isa = PBXContainerItemProxy;
			containerPortal = C9FACF671CF1FE0A00B24FEB /* Project object */;
			proxyType = 1;
			remoteGlobalIDString = C9FACF6E1CF1FE0A00B24FEB;
			remoteInfo = BunbunuCustom;
		};
/* End PBXContainerItemProxy section */

/* Begin PBXFileReference section */
		0D473FF0F076104EC1546CAE /* Pods_BunbunuCustom.framework */ = {isa = PBXFileReference; explicitFileType = wrapper.framework; includeInIndex = 0; path = Pods_BunbunuCustom.framework; sourceTree = BUILT_PRODUCTS_DIR; };
		1374E5A8A04BEB013D645A69 /* Pods-BunbunuCustom.debug.xcconfig */ = {isa = PBXFileReference; includeInIndex = 1; lastKnownFileType = text.xcconfig; name = "Pods-BunbunuCustom.debug.xcconfig"; path = "Pods/Target Support Files/Pods-BunbunuCustom/Pods-BunbunuCustom.debug.xcconfig"; sourceTree = "<group>"; };
		41899AF3E7BD397E93E9EF74 /* Pods-BunbunuCustom.release.xcconfig */ = {isa = PBXFileReference; includeInIndex = 1; lastKnownFileType = text.xcconfig; name = "Pods-BunbunuCustom.release.xcconfig"; path = "Pods/Target Support Files/Pods-BunbunuCustom/Pods-BunbunuCustom.release.xcconfig"; sourceTree = "<group>"; };
		45EEE08E58A51590C9A419A0 /* Pods.framework */ = {isa = PBXFileReference; explicitFileType = wrapper.framework; includeInIndex = 0; path = Pods.framework; sourceTree = BUILT_PRODUCTS_DIR; };
		C90013621CF3076B009B0C91 /* ToggleButton.swift */ = {isa = PBXFileReference; fileEncoding = 4; lastKnownFileType = sourcecode.swift; name = ToggleButton.swift; path = Button/ToggleButton.swift; sourceTree = "<group>"; };
		C90013641CF30778009B0C91 /* ToggleButtonView.swift */ = {isa = PBXFileReference; fileEncoding = 4; lastKnownFileType = sourcecode.swift; name = ToggleButtonView.swift; path = Button/ToggleButtonView.swift; sourceTree = "<group>"; };
		C90013661CF30787009B0C91 /* ToggleButtonView.xib */ = {isa = PBXFileReference; fileEncoding = 4; lastKnownFileType = file.xib; name = ToggleButtonView.xib; path = Button/ToggleButtonView.xib; sourceTree = "<group>"; };
		C92CE64E1D2E49410047F689 /* CircleImageView.swift */ = {isa = PBXFileReference; fileEncoding = 4; lastKnownFileType = sourcecode.swift; name = CircleImageView.swift; path = ImageView/CircleImageView.swift; sourceTree = "<group>"; };
		C92CE6501D2E4ADF0047F689 /* ImageViewGroupViewController.swift */ = {isa = PBXFileReference; fileEncoding = 4; lastKnownFileType = sourcecode.swift; name = ImageViewGroupViewController.swift; path = ImageView/ImageViewGroupViewController.swift; sourceTree = "<group>"; };
		C92CE6521D2E4B3D0047F689 /* CircleImageView.xib */ = {isa = PBXFileReference; fileEncoding = 4; lastKnownFileType = file.xib; name = CircleImageView.xib; path = ImageView/CircleImageView.xib; sourceTree = "<group>"; };
		C92CE6541D2E50690047F689 /* CircleProgressImageView.swift */ = {isa = PBXFileReference; fileEncoding = 4; lastKnownFileType = sourcecode.swift; name = CircleProgressImageView.swift; path = ImageView/CircleProgressImageView.swift; sourceTree = "<group>"; };
		C92CE6561D2E50760047F689 /* CircleProgressImageView.xib */ = {isa = PBXFileReference; fileEncoding = 4; lastKnownFileType = file.xib; name = CircleProgressImageView.xib; path = ImageView/CircleProgressImageView.xib; sourceTree = "<group>"; };
		C92CE6581D2E535B0047F689 /* CirclePregressDemoView.swift */ = {isa = PBXFileReference; fileEncoding = 4; lastKnownFileType = sourcecode.swift; name = CirclePregressDemoView.swift; path = ImageView/CirclePregressDemoView.swift; sourceTree = "<group>"; };
		C9BE47701CF29E2B002B7653 /* StyleButton.swift */ = {isa = PBXFileReference; fileEncoding = 4; lastKnownFileType = sourcecode.swift; name = StyleButton.swift; path = Button/StyleButton.swift; sourceTree = "<group>"; };
		C9BE47721CF29E77002B7653 /* ButtonGroupViewController.swift */ = {isa = PBXFileReference; fileEncoding = 4; lastKnownFileType = sourcecode.swift; name = ButtonGroupViewController.swift; path = Button/ButtonGroupViewController.swift; sourceTree = "<group>"; };
		C9BE47781CF2A16A002B7653 /* BunbunuCustomTests.xctest */ = {isa = PBXFileReference; explicitFileType = wrapper.cfbundle; includeInIndex = 0; path = BunbunuCustomTests.xctest; sourceTree = BUILT_PRODUCTS_DIR; };
		C9BE477A1CF2A16A002B7653 /* BunbunuCustomTests.swift */ = {isa = PBXFileReference; lastKnownFileType = sourcecode.swift; path = BunbunuCustomTests.swift; sourceTree = "<group>"; };
		C9BE477C1CF2A16A002B7653 /* Info.plist */ = {isa = PBXFileReference; lastKnownFileType = text.plist.xml; path = Info.plist; sourceTree = "<group>"; };
		C9BE47851CF2B13E002B7653 /* StyleButtonView.xib */ = {isa = PBXFileReference; fileEncoding = 4; lastKnownFileType = file.xib; name = StyleButtonView.xib; path = Button/StyleButtonView.xib; sourceTree = "<group>"; };
		C9BE47871CF2CE28002B7653 /* UIColorExtension.swift */ = {isa = PBXFileReference; fileEncoding = 4; lastKnownFileType = sourcecode.swift; name = UIColorExtension.swift; path = Extension/UIColorExtension.swift; sourceTree = "<group>"; };
		C9BE47891CF2D9F2002B7653 /* StringExtension.swift */ = {isa = PBXFileReference; fileEncoding = 4; lastKnownFileType = sourcecode.swift; name = StringExtension.swift; path = Extension/StringExtension.swift; sourceTree = "<group>"; };
		C9FACF6F1CF1FE0A00B24FEB /* BunbunuCustom.app */ = {isa = PBXFileReference; explicitFileType = wrapper.application; includeInIndex = 0; path = BunbunuCustom.app; sourceTree = BUILT_PRODUCTS_DIR; };
		C9FACF721CF1FE0A00B24FEB /* AppDelegate.swift */ = {isa = PBXFileReference; lastKnownFileType = sourcecode.swift; path = AppDelegate.swift; sourceTree = "<group>"; };
		C9FACF741CF1FE0A00B24FEB /* ViewController.swift */ = {isa = PBXFileReference; lastKnownFileType = sourcecode.swift; path = ViewController.swift; sourceTree = "<group>"; };
		C9FACF771CF1FE0A00B24FEB /* Base */ = {isa = PBXFileReference; lastKnownFileType = file.storyboard; name = Base; path = Base.lproj/Main.storyboard; sourceTree = "<group>"; };
		C9FACF791CF1FE0A00B24FEB /* Assets.xcassets */ = {isa = PBXFileReference; lastKnownFileType = folder.assetcatalog; path = Assets.xcassets; sourceTree = "<group>"; };
		C9FACF7C1CF1FE0A00B24FEB /* Base */ = {isa = PBXFileReference; lastKnownFileType = file.storyboard; name = Base; path = Base.lproj/LaunchScreen.storyboard; sourceTree = "<group>"; };
		C9FACF7E1CF1FE0A00B24FEB /* Info.plist */ = {isa = PBXFileReference; lastKnownFileType = text.plist.xml; path = Info.plist; sourceTree = "<group>"; };
/* End PBXFileReference section */

/* Begin PBXFrameworksBuildPhase section */
		C9BE47751CF2A16A002B7653 /* Frameworks */ = {
			isa = PBXFrameworksBuildPhase;
			buildActionMask = 2147483647;
			files = (
			);
			runOnlyForDeploymentPostprocessing = 0;
		};
		C9FACF6C1CF1FE0A00B24FEB /* Frameworks */ = {
			isa = PBXFrameworksBuildPhase;
			buildActionMask = 2147483647;
			files = (
				6B19EE8B67BE879BEF44995D /* Pods_BunbunuCustom.framework in Frameworks */,
			);
			runOnlyForDeploymentPostprocessing = 0;
		};
/* End PBXFrameworksBuildPhase section */

/* Begin PBXGroup section */
		3B23D62EBB8DEBAD6AAEEEAD /* Pods */ = {
			isa = PBXGroup;
			children = (
				1374E5A8A04BEB013D645A69 /* Pods-BunbunuCustom.debug.xcconfig */,
				41899AF3E7BD397E93E9EF74 /* Pods-BunbunuCustom.release.xcconfig */,
			);
			name = Pods;
			sourceTree = "<group>";
		};
		C92CE64D1D2E49160047F689 /* ImageView */ = {
			isa = PBXGroup;
			children = (
				C92CE6501D2E4ADF0047F689 /* ImageViewGroupViewController.swift */,
				C92CE64E1D2E49410047F689 /* CircleImageView.swift */,
				C92CE6521D2E4B3D0047F689 /* CircleImageView.xib */,
				C92CE6581D2E535B0047F689 /* CirclePregressDemoView.swift */,
				C92CE6541D2E50690047F689 /* CircleProgressImageView.swift */,
				C92CE6561D2E50760047F689 /* CircleProgressImageView.xib */,
			);
			name = ImageView;
			sourceTree = "<group>";
		};
		C9BE476D1CF29DE7002B7653 /* Button */ = {
			isa = PBXGroup;
			children = (
				C9BE47721CF29E77002B7653 /* ButtonGroupViewController.swift */,
				C9BE47701CF29E2B002B7653 /* StyleButton.swift */,
				C9BE47851CF2B13E002B7653 /* StyleButtonView.xib */,
				C90013621CF3076B009B0C91 /* ToggleButton.swift */,
				C90013641CF30778009B0C91 /* ToggleButtonView.swift */,
				C90013661CF30787009B0C91 /* ToggleButtonView.xib */,
			);
			name = Button;
			sourceTree = "<group>";
		};
		C9BE47791CF2A16A002B7653 /* BunbunuCustomTests */ = {
			isa = PBXGroup;
			children = (
				C9BE477A1CF2A16A002B7653 /* BunbunuCustomTests.swift */,
				C9BE477C1CF2A16A002B7653 /* Info.plist */,
			);
			path = BunbunuCustomTests;
			sourceTree = "<group>";
		};
		C9BE47821CF2AD43002B7653 /* Extension */ = {
			isa = PBXGroup;
			children = (
				C9BE47871CF2CE28002B7653 /* UIColorExtension.swift */,
				C9BE47891CF2D9F2002B7653 /* StringExtension.swift */,
			);
			name = Extension;
			sourceTree = "<group>";
		};
		C9FACF661CF1FE0A00B24FEB = {
			isa = PBXGroup;
			children = (
				C9FACF711CF1FE0A00B24FEB /* BunbunuCustom */,
				C9BE47791CF2A16A002B7653 /* BunbunuCustomTests */,
				C9FACF701CF1FE0A00B24FEB /* Products */,
				E7EE1F8F0A0546C1BD088781 /* Frameworks */,
				3B23D62EBB8DEBAD6AAEEEAD /* Pods */,
			);
			sourceTree = "<group>";
		};
		C9FACF701CF1FE0A00B24FEB /* Products */ = {
			isa = PBXGroup;
			children = (
				C9FACF6F1CF1FE0A00B24FEB /* BunbunuCustom.app */,
				C9BE47781CF2A16A002B7653 /* BunbunuCustomTests.xctest */,
			);
			name = Products;
			sourceTree = "<group>";
		};
		C9FACF711CF1FE0A00B24FEB /* BunbunuCustom */ = {
			isa = PBXGroup;
			children = (
				C9BE47821CF2AD43002B7653 /* Extension */,
				C9BE476D1CF29DE7002B7653 /* Button */,
				C92CE64D1D2E49160047F689 /* ImageView */,
				C9FACF721CF1FE0A00B24FEB /* AppDelegate.swift */,
				C9FACF741CF1FE0A00B24FEB /* ViewController.swift */,
				C9FACF761CF1FE0A00B24FEB /* Main.storyboard */,
				C9FACF791CF1FE0A00B24FEB /* Assets.xcassets */,
				C9FACF7B1CF1FE0A00B24FEB /* LaunchScreen.storyboard */,
				C9FACF7E1CF1FE0A00B24FEB /* Info.plist */,
			);
			path = BunbunuCustom;
			sourceTree = "<group>";
		};
		E7EE1F8F0A0546C1BD088781 /* Frameworks */ = {
			isa = PBXGroup;
			children = (
				45EEE08E58A51590C9A419A0 /* Pods.framework */,
				0D473FF0F076104EC1546CAE /* Pods_BunbunuCustom.framework */,
			);
			name = Frameworks;
			sourceTree = "<group>";
		};
/* End PBXGroup section */

/* Begin PBXNativeTarget section */
		C9BE47771CF2A16A002B7653 /* BunbunuCustomTests */ = {
			isa = PBXNativeTarget;
			buildConfigurationList = C9BE477F1CF2A16A002B7653 /* Build configuration list for PBXNativeTarget "BunbunuCustomTests" */;
			buildPhases = (
				C9BE47741CF2A16A002B7653 /* Sources */,
				C9BE47751CF2A16A002B7653 /* Frameworks */,
				C9BE47761CF2A16A002B7653 /* Resources */,
			);
			buildRules = (
			);
			dependencies = (
				C9BE477E1CF2A16A002B7653 /* PBXTargetDependency */,
			);
			name = BunbunuCustomTests;
			productName = BunbunuCustomTests;
			productReference = C9BE47781CF2A16A002B7653 /* BunbunuCustomTests.xctest */;
			productType = "com.apple.product-type.bundle.unit-test";
		};
		C9FACF6E1CF1FE0A00B24FEB /* BunbunuCustom */ = {
			isa = PBXNativeTarget;
			buildConfigurationList = C9FACF811CF1FE0A00B24FEB /* Build configuration list for PBXNativeTarget "BunbunuCustom" */;
			buildPhases = (
				38F2475CC4099F428811DC4A /* [CP] Check Pods Manifest.lock */,
				C9FACF6B1CF1FE0A00B24FEB /* Sources */,
				C9FACF6C1CF1FE0A00B24FEB /* Frameworks */,
				C9FACF6D1CF1FE0A00B24FEB /* Resources */,
				252D9B6DEF069AC8E74C5F8C /* [CP] Embed Pods Frameworks */,
				9C0DC15A7C6C47F9E87B31CC /* [CP] Copy Pods Resources */,
			);
			buildRules = (
			);
			dependencies = (
			);
			name = BunbunuCustom;
			productName = BunbunuCustom;
			productReference = C9FACF6F1CF1FE0A00B24FEB /* BunbunuCustom.app */;
			productType = "com.apple.product-type.application";
		};
/* End PBXNativeTarget section */

/* Begin PBXProject section */
		C9FACF671CF1FE0A00B24FEB /* Project object */ = {
			isa = PBXProject;
			attributes = {
				LastSwiftUpdateCheck = 0730;
				LastUpgradeCheck = 0730;
				ORGANIZATIONNAME = "LEE ZHE YU";
				TargetAttributes = {
					C9BE47771CF2A16A002B7653 = {
						CreatedOnToolsVersion = 7.3.1;
						TestTargetID = C9FACF6E1CF1FE0A00B24FEB;
					};
					C9FACF6E1CF1FE0A00B24FEB = {
						CreatedOnToolsVersion = 7.3.1;
						DevelopmentTeam = SGW9NZTF78;
					};
				};
			};
			buildConfigurationList = C9FACF6A1CF1FE0A00B24FEB /* Build configuration list for PBXProject "BunbunuCustom" */;
			compatibilityVersion = "Xcode 3.2";
			developmentRegion = English;
			hasScannedForEncodings = 0;
			knownRegions = (
				en,
				Base,
			);
			mainGroup = C9FACF661CF1FE0A00B24FEB;
			productRefGroup = C9FACF701CF1FE0A00B24FEB /* Products */;
			projectDirPath = "";
			projectRoot = "";
			targets = (
				C9FACF6E1CF1FE0A00B24FEB /* BunbunuCustom */,
				C9BE47771CF2A16A002B7653 /* BunbunuCustomTests */,
			);
		};
/* End PBXProject section */

/* Begin PBXResourcesBuildPhase section */
		C9BE47761CF2A16A002B7653 /* Resources */ = {
			isa = PBXResourcesBuildPhase;
			buildActionMask = 2147483647;
			files = (
			);
			runOnlyForDeploymentPostprocessing = 0;
		};
		C9FACF6D1CF1FE0A00B24FEB /* Resources */ = {
			isa = PBXResourcesBuildPhase;
			buildActionMask = 2147483647;
			files = (
				C9BE47861CF2B13E002B7653 /* StyleButtonView.xib in Resources */,
				C9FACF7D1CF1FE0A00B24FEB /* LaunchScreen.storyboard in Resources */,
				C90013671CF30787009B0C91 /* ToggleButtonView.xib in Resources */,
				C92CE6571D2E50760047F689 /* CircleProgressImageView.xib in Resources */,
				C9FACF7A1CF1FE0A00B24FEB /* Assets.xcassets in Resources */,
				C92CE6531D2E4B3D0047F689 /* CircleImageView.xib in Resources */,
				C9FACF781CF1FE0A00B24FEB /* Main.storyboard in Resources */,
			);
			runOnlyForDeploymentPostprocessing = 0;
		};
/* End PBXResourcesBuildPhase section */

/* Begin PBXShellScriptBuildPhase section */
		252D9B6DEF069AC8E74C5F8C /* [CP] Embed Pods Frameworks */ = {
			isa = PBXShellScriptBuildPhase;
			buildActionMask = 2147483647;
			files = (
			);
			inputPaths = (
			);
			name = "[CP] Embed Pods Frameworks";
			outputPaths = (
			);
			runOnlyForDeploymentPostprocessing = 0;
			shellPath = /bin/sh;
			shellScript = "\"${SRCROOT}/Pods/Target Support Files/Pods-BunbunuCustom/Pods-BunbunuCustom-frameworks.sh\"\n";
			showEnvVarsInLog = 0;
		};
		38F2475CC4099F428811DC4A /* [CP] Check Pods Manifest.lock */ = {
			isa = PBXShellScriptBuildPhase;
			buildActionMask = 2147483647;
			files = (
			);
			inputPaths = (
			);
			name = "[CP] Check Pods Manifest.lock";
			outputPaths = (
			);
			runOnlyForDeploymentPostprocessing = 0;
			shellPath = /bin/sh;
			shellScript = "diff \"${PODS_ROOT}/../Podfile.lock\" \"${PODS_ROOT}/Manifest.lock\" > /dev/null\nif [[ $? != 0 ]] ; then\n    cat << EOM\nerror: The sandbox is not in sync with the Podfile.lock. Run 'pod install' or update your CocoaPods installation.\nEOM\n    exit 1\nfi\n";
			showEnvVarsInLog = 0;
		};
		9C0DC15A7C6C47F9E87B31CC /* [CP] Copy Pods Resources */ = {
			isa = PBXShellScriptBuildPhase;
			buildActionMask = 2147483647;
			files = (
			);
			inputPaths = (
			);
			name = "[CP] Copy Pods Resources";
			outputPaths = (
			);
			runOnlyForDeploymentPostprocessing = 0;
			shellPath = /bin/sh;
			shellScript = "\"${SRCROOT}/Pods/Target Support Files/Pods-BunbunuCustom/Pods-BunbunuCustom-resources.sh\"\n";
			showEnvVarsInLog = 0;
		};
/* End PBXShellScriptBuildPhase section */

/* Begin PBXSourcesBuildPhase section */
		C9BE47741CF2A16A002B7653 /* Sources */ = {
			isa = PBXSourcesBuildPhase;
			buildActionMask = 2147483647;
			files = (
				C9BE477B1CF2A16A002B7653 /* BunbunuCustomTests.swift in Sources */,
			);
			runOnlyForDeploymentPostprocessing = 0;
		};
		C9FACF6B1CF1FE0A00B24FEB /* Sources */ = {
			isa = PBXSourcesBuildPhase;
			buildActionMask = 2147483647;
			files = (
				C9FACF751CF1FE0A00B24FEB /* ViewController.swift in Sources */,
				C92CE6551D2E50690047F689 /* CircleProgressImageView.swift in Sources */,
				C92CE6511D2E4ADF0047F689 /* ImageViewGroupViewController.swift in Sources */,
				C92CE64F1D2E49410047F689 /* CircleImageView.swift in Sources */,
				C9BE47731CF29E77002B7653 /* ButtonGroupViewController.swift in Sources */,
				C9BE478A1CF2D9F2002B7653 /* StringExtension.swift in Sources */,
				C9BE47711CF29E2B002B7653 /* StyleButton.swift in Sources */,
				C9FACF731CF1FE0A00B24FEB /* AppDelegate.swift in Sources */,
				C92CE6591D2E535B0047F689 /* CirclePregressDemoView.swift in Sources */,
				C9BE47881CF2CE28002B7653 /* UIColorExtension.swift in Sources */,
				C90013651CF30778009B0C91 /* ToggleButtonView.swift in Sources */,
				C90013631CF3076B009B0C91 /* ToggleButton.swift in Sources */,
			);
			runOnlyForDeploymentPostprocessing = 0;
		};
/* End PBXSourcesBuildPhase section */

/* Begin PBXTargetDependency section */
		C9BE477E1CF2A16A002B7653 /* PBXTargetDependency */ = {
			isa = PBXTargetDependency;
			target = C9FACF6E1CF1FE0A00B24FEB /* BunbunuCustom */;
			targetProxy = C9BE477D1CF2A16A002B7653 /* PBXContainerItemProxy */;
		};
/* End PBXTargetDependency section */

/* Begin PBXVariantGroup section */
		C9FACF761CF1FE0A00B24FEB /* Main.storyboard */ = {
			isa = PBXVariantGroup;
			children = (
				C9FACF771CF1FE0A00B24FEB /* Base */,
			);
			name = Main.storyboard;
			sourceTree = "<group>";
		};
		C9FACF7B1CF1FE0A00B24FEB /* LaunchScreen.storyboard */ = {
			isa = PBXVariantGroup;
			children = (
				C9FACF7C1CF1FE0A00B24FEB /* Base */,
			);
			name = LaunchScreen.storyboard;
			sourceTree = "<group>";
		};
/* End PBXVariantGroup section */

/* Begin XCBuildConfiguration section */
		C9BE47801CF2A16A002B7653 /* Debug */ = {
			isa = XCBuildConfiguration;
			buildSettings = {
				BUNDLE_LOADER = "$(TEST_HOST)";
				INFOPLIST_FILE = BunbunuCustomTests/Info.plist;
				LD_RUNPATH_SEARCH_PATHS = "$(inherited) @executable_path/Frameworks @loader_path/Frameworks";
				PRODUCT_BUNDLE_IDENTIFIER = com.LeeZheYu.BunbunuCustomTests;
				PRODUCT_NAME = "$(TARGET_NAME)";
				TEST_HOST = "$(BUILT_PRODUCTS_DIR)/BunbunuCustom.app/BunbunuCustom";
			};
			name = Debug;
		};
		C9BE47811CF2A16A002B7653 /* Release */ = {
			isa = XCBuildConfiguration;
			buildSettings = {
				BUNDLE_LOADER = "$(TEST_HOST)";
				INFOPLIST_FILE = BunbunuCustomTests/Info.plist;
				LD_RUNPATH_SEARCH_PATHS = "$(inherited) @executable_path/Frameworks @loader_path/Frameworks";
				PRODUCT_BUNDLE_IDENTIFIER = com.LeeZheYu.BunbunuCustomTests;
				PRODUCT_NAME = "$(TARGET_NAME)";
				TEST_HOST = "$(BUILT_PRODUCTS_DIR)/BunbunuCustom.app/BunbunuCustom";
			};
			name = Release;
		};
		C9FACF7F1CF1FE0A00B24FEB /* Debug */ = {
			isa = XCBuildConfiguration;
			buildSettings = {
				ALWAYS_SEARCH_USER_PATHS = NO;
				CLANG_ANALYZER_NONNULL = YES;
				CLANG_CXX_LANGUAGE_STANDARD = "gnu++0x";
				CLANG_CXX_LIBRARY = "libc++";
				CLANG_ENABLE_MODULES = YES;
				CLANG_ENABLE_OBJC_ARC = YES;
				CLANG_WARN_BOOL_CONVERSION = YES;
				CLANG_WARN_CONSTANT_CONVERSION = YES;
				CLANG_WARN_DIRECT_OBJC_ISA_USAGE = YES_ERROR;
				CLANG_WARN_EMPTY_BODY = YES;
				CLANG_WARN_ENUM_CONVERSION = YES;
				CLANG_WARN_INT_CONVERSION = YES;
				CLANG_WARN_OBJC_ROOT_CLASS = YES_ERROR;
				CLANG_WARN_UNREACHABLE_CODE = YES;
				CLANG_WARN__DUPLICATE_METHOD_MATCH = YES;
				"CODE_SIGN_IDENTITY[sdk=iphoneos*]" = "iPhone Developer";
				COPY_PHASE_STRIP = NO;
				DEBUG_INFORMATION_FORMAT = dwarf;
				ENABLE_STRICT_OBJC_MSGSEND = YES;
				ENABLE_TESTABILITY = YES;
				GCC_C_LANGUAGE_STANDARD = gnu99;
				GCC_DYNAMIC_NO_PIC = NO;
				GCC_NO_COMMON_BLOCKS = YES;
				GCC_OPTIMIZATION_LEVEL = 0;
				GCC_PREPROCESSOR_DEFINITIONS = (
					"DEBUG=1",
					"$(inherited)",
				);
				GCC_WARN_64_TO_32_BIT_CONVERSION = YES;
				GCC_WARN_ABOUT_RETURN_TYPE = YES_ERROR;
				GCC_WARN_UNDECLARED_SELECTOR = YES;
				GCC_WARN_UNINITIALIZED_AUTOS = YES_AGGRESSIVE;
				GCC_WARN_UNUSED_FUNCTION = YES;
				GCC_WARN_UNUSED_VARIABLE = YES;
				IPHONEOS_DEPLOYMENT_TARGET = 9.3;
				MTL_ENABLE_DEBUG_INFO = YES;
				ONLY_ACTIVE_ARCH = YES;
				SDKROOT = iphoneos;
				SWIFT_OPTIMIZATION_LEVEL = "-Onone";
				TARGETED_DEVICE_FAMILY = "1,2";
			};
			name = Debug;
		};
		C9FACF801CF1FE0A00B24FEB /* Release */ = {
			isa = XCBuildConfiguration;
			buildSettings = {
				ALWAYS_SEARCH_USER_PATHS = NO;
				CLANG_ANALYZER_NONNULL = YES;
				CLANG_CXX_LANGUAGE_STANDARD = "gnu++0x";
				CLANG_CXX_LIBRARY = "libc++";
				CLANG_ENABLE_MODULES = YES;
				CLANG_ENABLE_OBJC_ARC = YES;
				CLANG_WARN_BOOL_CONVERSION = YES;
				CLANG_WARN_CONSTANT_CONVERSION = YES;
				CLANG_WARN_DIRECT_OBJC_ISA_USAGE = YES_ERROR;
				CLANG_WARN_EMPTY_BODY = YES;
				CLANG_WARN_ENUM_CONVERSION = YES;
				CLANG_WARN_INT_CONVERSION = YES;
				CLANG_WARN_OBJC_ROOT_CLASS = YES_ERROR;
				CLANG_WARN_UNREACHABLE_CODE = YES;
				CLANG_WARN__DUPLICATE_METHOD_MATCH = YES;
				"CODE_SIGN_IDENTITY[sdk=iphoneos*]" = "iPhone Developer";
				COPY_PHASE_STRIP = NO;
				DEBUG_INFORMATION_FORMAT = "dwarf-with-dsym";
				ENABLE_NS_ASSERTIONS = NO;
				ENABLE_STRICT_OBJC_MSGSEND = YES;
				GCC_C_LANGUAGE_STANDARD = gnu99;
				GCC_NO_COMMON_BLOCKS = YES;
				GCC_WARN_64_TO_32_BIT_CONVERSION = YES;
				GCC_WARN_ABOUT_RETURN_TYPE = YES_ERROR;
				GCC_WARN_UNDECLARED_SELECTOR = YES;
				GCC_WARN_UNINITIALIZED_AUTOS = YES_AGGRESSIVE;
				GCC_WARN_UNUSED_FUNCTION = YES;
				GCC_WARN_UNUSED_VARIABLE = YES;
				IPHONEOS_DEPLOYMENT_TARGET = 9.3;
				MTL_ENABLE_DEBUG_INFO = NO;
				SDKROOT = iphoneos;
				TARGETED_DEVICE_FAMILY = "1,2";
				VALIDATE_PRODUCT = YES;
			};
			name = Release;
		};
		C9FACF821CF1FE0A00B24FEB /* Debug */ = {
			isa = XCBuildConfiguration;
			baseConfigurationReference = 1374E5A8A04BEB013D645A69 /* Pods-BunbunuCustom.debug.xcconfig */;
			buildSettings = {
				ASSETCATALOG_COMPILER_APPICON_NAME = AppIcon;
				CODE_SIGN_IDENTITY = "iPhone Developer";
				INFOPLIST_FILE = BunbunuCustom/Info.plist;
				LD_RUNPATH_SEARCH_PATHS = "$(inherited) @executable_path/Frameworks";
				PRODUCT_BUNDLE_IDENTIFIER = com.bunbunu.BunbunuCustom;
				PRODUCT_NAME = "$(TARGET_NAME)";
				PROVISIONING_PROFILE = "";
			};
			name = Debug;
		};
		C9FACF831CF1FE0A00B24FEB /* Release */ = {
			isa = XCBuildConfiguration;
			baseConfigurationReference = 41899AF3E7BD397E93E9EF74 /* Pods-BunbunuCustom.release.xcconfig */;
			buildSettings = {
				ASSETCATALOG_COMPILER_APPICON_NAME = AppIcon;
				CODE_SIGN_IDENTITY = "iPhone Developer";
				INFOPLIST_FILE = BunbunuCustom/Info.plist;
				LD_RUNPATH_SEARCH_PATHS = "$(inherited) @executable_path/Frameworks";
				PRODUCT_BUNDLE_IDENTIFIER = com.bunbunu.BunbunuCustom;
				PRODUCT_NAME = "$(TARGET_NAME)";
				PROVISIONING_PROFILE = "";
			};
			name = Release;
		};
/* End XCBuildConfiguration section */

/* Begin XCConfigurationList section */
		C9BE477F1CF2A16A002B7653 /* Build configuration list for PBXNativeTarget "BunbunuCustomTests" */ = {
			isa = XCConfigurationList;
			buildConfigurations = (
				C9BE47801CF2A16A002B7653 /* Debug */,
				C9BE47811CF2A16A002B7653 /* Release */,
			);
			defaultConfigurationIsVisible = 0;
			defaultConfigurationName = Release;
		};
		C9FACF6A1CF1FE0A00B24FEB /* Build configuration list for PBXProject "BunbunuCustom" */ = {
			isa = XCConfigurationList;
			buildConfigurations = (
				C9FACF7F1CF1FE0A00B24FEB /* Debug */,
				C9FACF801CF1FE0A00B24FEB /* Release */,
			);
			defaultConfigurationIsVisible = 0;
			defaultConfigurationName = Release;
		};
		C9FACF811CF1FE0A00B24FEB /* Build configuration list for PBXNativeTarget "BunbunuCustom" */ = {
			isa = XCConfigurationList;
			buildConfigurations = (
				C9FACF821CF1FE0A00B24FEB /* Debug */,
				C9FACF831CF1FE0A00B24FEB /* Release */,
			);
			defaultConfigurationIsVisible = 0;
			defaultConfigurationName = Release;
		};
/* End XCConfigurationList section */
	};
	rootObject = C9FACF671CF1FE0A00B24FEB /* Project object */;
}
